// !$*UTF8*$!
{
	archiveVersion = 1;
	classes = {
	};
	objectVersion = 55;
	objects = {

/* Begin PBXBuildFile section */
		27A6CFDEB0E751C7D9A2C905 /* Pods_zeuz_ios_zeuz_iosUITests.framework in Frameworks */ = {isa = PBXBuildFile; fileRef = EE0F7EDDFC77E81B81871412 /* Pods_zeuz_ios_zeuz_iosUITests.framework */; };
		A1C28D847BF65C6E1BD3286E /* Pods_zeuz_iosTests.framework in Frameworks */ = {isa = PBXBuildFile; fileRef = 15F544092AAEA6D6A344B220 /* Pods_zeuz_iosTests.framework */; };
		A9FFF484284A68EB001A5881 /* AppDelegate.swift in Sources */ = {isa = PBXBuildFile; fileRef = A9FFF483284A68EB001A5881 /* AppDelegate.swift */; };
		A9FFF48D284A68EE001A5881 /* Assets.xcassets in Resources */ = {isa = PBXBuildFile; fileRef = A9FFF48C284A68EE001A5881 /* Assets.xcassets */; };
		A9FFF490284A68EE001A5881 /* LaunchScreen.storyboard in Resources */ = {isa = PBXBuildFile; fileRef = A9FFF48E284A68EE001A5881 /* LaunchScreen.storyboard */; };
		A9FFF49B284A68EE001A5881 /* zeuz_iosTests.swift in Sources */ = {isa = PBXBuildFile; fileRef = A9FFF49A284A68EE001A5881 /* zeuz_iosTests.swift */; };
		A9FFF4A5284A68EE001A5881 /* zeuz_iosUITests.swift in Sources */ = {isa = PBXBuildFile; fileRef = A9FFF4A4284A68EE001A5881 /* zeuz_iosUITests.swift */; };
		A9FFF4A7284A68EE001A5881 /* zeuz_iosUITestsLaunchTests.swift in Sources */ = {isa = PBXBuildFile; fileRef = A9FFF4A6284A68EE001A5881 /* zeuz_iosUITestsLaunchTests.swift */; };
		A9FFF4B7284A69BF001A5881 /* ZTableVC.swift in Sources */ = {isa = PBXBuildFile; fileRef = A9FFF4B5284A69BF001A5881 /* ZTableVC.swift */; };
		A9FFF4B8284A69BF001A5881 /* ZTableVC.xib in Resources */ = {isa = PBXBuildFile; fileRef = A9FFF4B6284A69BF001A5881 /* ZTableVC.xib */; };
		A9FFF4BF284A6E9E001A5881 /* ZTableEntity.swift in Sources */ = {isa = PBXBuildFile; fileRef = A9FFF4BE284A6E9E001A5881 /* ZTableEntity.swift */; };
		A9FFF4C3284A70A3001A5881 /* InputCell.swift in Sources */ = {isa = PBXBuildFile; fileRef = A9FFF4C1284A70A3001A5881 /* InputCell.swift */; };
		A9FFF4C4284A70A3001A5881 /* InputCell.xib in Resources */ = {isa = PBXBuildFile; fileRef = A9FFF4C2284A70A3001A5881 /* InputCell.xib */; };
		A9FFF4C7284A72B9001A5881 /* TextCell.swift in Sources */ = {isa = PBXBuildFile; fileRef = A9FFF4C5284A72B9001A5881 /* TextCell.swift */; };
		A9FFF4C8284A72B9001A5881 /* TextCell.xib in Resources */ = {isa = PBXBuildFile; fileRef = A9FFF4C6284A72B9001A5881 /* TextCell.xib */; };
		A9FFF4CB284A7564001A5881 /* ZTableProtocols.swift in Sources */ = {isa = PBXBuildFile; fileRef = A9FFF4CA284A7564001A5881 /* ZTableProtocols.swift */; };
		A9FFF4CD284A795A001A5881 /* ZTableRouter.swift in Sources */ = {isa = PBXBuildFile; fileRef = A9FFF4CC284A795A001A5881 /* ZTableRouter.swift */; };
		A9FFF4CF284A7AE3001A5881 /* ZTablePresenter.swift in Sources */ = {isa = PBXBuildFile; fileRef = A9FFF4CE284A7AE3001A5881 /* ZTablePresenter.swift */; };
		A9FFF4D1284A7AF0001A5881 /* ZTableInteractor.swift in Sources */ = {isa = PBXBuildFile; fileRef = A9FFF4D0284A7AF0001A5881 /* ZTableInteractor.swift */; };
		A9FFF4DF284A8F9B001A5881 /* StringExtensions.swift in Sources */ = {isa = PBXBuildFile; fileRef = A9FFF4DE284A8F9B001A5881 /* StringExtensions.swift */; };
		A9FFF4E4284A9AE7001A5881 /* PictureVC.swift in Sources */ = {isa = PBXBuildFile; fileRef = A9FFF4E2284A9AE7001A5881 /* PictureVC.swift */; };
		A9FFF4E5284A9AE7001A5881 /* PictureVC.xib in Resources */ = {isa = PBXBuildFile; fileRef = A9FFF4E3284A9AE7001A5881 /* PictureVC.xib */; };
		A9FFF4E9284A9B78001A5881 /* ImagePickerHelper.swift in Sources */ = {isa = PBXBuildFile; fileRef = A9FFF4E8284A9B78001A5881 /* ImagePickerHelper.swift */; };
		A9FFF4ED284A9E59001A5881 /* ImageView.swift in Sources */ = {isa = PBXBuildFile; fileRef = A9FFF4EC284A9E59001A5881 /* ImageView.swift */; };
		A9FFF4EF284A9ED4001A5881 /* PictureProtocols.swift in Sources */ = {isa = PBXBuildFile; fileRef = A9FFF4EE284A9ED4001A5881 /* PictureProtocols.swift */; };
		A9FFF4F2284A9F55001A5881 /* PicturePresenter.swift in Sources */ = {isa = PBXBuildFile; fileRef = A9FFF4F1284A9F55001A5881 /* PicturePresenter.swift */; };
		A9FFF4F4284A9FA1001A5881 /* PictureRouter.swift in Sources */ = {isa = PBXBuildFile; fileRef = A9FFF4F3284A9FA1001A5881 /* PictureRouter.swift */; };
		CC0BE0A084EC522A99A242B0 /* Pods_zeuz_ios.framework in Frameworks */ = {isa = PBXBuildFile; fileRef = 698BB9468D0E9AE130EA4BD4 /* Pods_zeuz_ios.framework */; };
/* End PBXBuildFile section */

/* Begin PBXContainerItemProxy section */
		A9FFF497284A68EE001A5881 /* PBXContainerItemProxy */ = {
			isa = PBXContainerItemProxy;
			containerPortal = A9FFF478284A68EB001A5881 /* Project object */;
			proxyType = 1;
			remoteGlobalIDString = A9FFF47F284A68EB001A5881;
			remoteInfo = "zeuz-ios";
		};
		A9FFF4A1284A68EE001A5881 /* PBXContainerItemProxy */ = {
			isa = PBXContainerItemProxy;
			containerPortal = A9FFF478284A68EB001A5881 /* Project object */;
			proxyType = 1;
			remoteGlobalIDString = A9FFF47F284A68EB001A5881;
			remoteInfo = "zeuz-ios";
		};
/* End PBXContainerItemProxy section */

/* Begin PBXFileReference section */
		15F544092AAEA6D6A344B220 /* Pods_zeuz_iosTests.framework */ = {isa = PBXFileReference; explicitFileType = wrapper.framework; includeInIndex = 0; path = Pods_zeuz_iosTests.framework; sourceTree = BUILT_PRODUCTS_DIR; };
		52CC68A93DA613578F0EE2C3 /* Pods-zeuz-ios-zeuz-iosUITests.release.xcconfig */ = {isa = PBXFileReference; includeInIndex = 1; lastKnownFileType = text.xcconfig; name = "Pods-zeuz-ios-zeuz-iosUITests.release.xcconfig"; path = "Target Support Files/Pods-zeuz-ios-zeuz-iosUITests/Pods-zeuz-ios-zeuz-iosUITests.release.xcconfig"; sourceTree = "<group>"; };
		5D79A12885B4D352B11C9214 /* Pods-zeuz-iosTests.debug.xcconfig */ = {isa = PBXFileReference; includeInIndex = 1; lastKnownFileType = text.xcconfig; name = "Pods-zeuz-iosTests.debug.xcconfig"; path = "Target Support Files/Pods-zeuz-iosTests/Pods-zeuz-iosTests.debug.xcconfig"; sourceTree = "<group>"; };
		698BB9468D0E9AE130EA4BD4 /* Pods_zeuz_ios.framework */ = {isa = PBXFileReference; explicitFileType = wrapper.framework; includeInIndex = 0; path = Pods_zeuz_ios.framework; sourceTree = BUILT_PRODUCTS_DIR; };
		7CD5F83AE4B7D0896BAF77FA /* Pods-zeuz-iosTests.release.xcconfig */ = {isa = PBXFileReference; includeInIndex = 1; lastKnownFileType = text.xcconfig; name = "Pods-zeuz-iosTests.release.xcconfig"; path = "Target Support Files/Pods-zeuz-iosTests/Pods-zeuz-iosTests.release.xcconfig"; sourceTree = "<group>"; };
		A9FFF480284A68EB001A5881 /* zeuz-ios.app */ = {isa = PBXFileReference; explicitFileType = wrapper.application; includeInIndex = 0; path = "zeuz-ios.app"; sourceTree = BUILT_PRODUCTS_DIR; };
		A9FFF483284A68EB001A5881 /* AppDelegate.swift */ = {isa = PBXFileReference; lastKnownFileType = sourcecode.swift; path = AppDelegate.swift; sourceTree = "<group>"; };
		A9FFF48C284A68EE001A5881 /* Assets.xcassets */ = {isa = PBXFileReference; lastKnownFileType = folder.assetcatalog; path = Assets.xcassets; sourceTree = "<group>"; };
		A9FFF48F284A68EE001A5881 /* Base */ = {isa = PBXFileReference; lastKnownFileType = file.storyboard; name = Base; path = Base.lproj/LaunchScreen.storyboard; sourceTree = "<group>"; };
		A9FFF491284A68EE001A5881 /* Info.plist */ = {isa = PBXFileReference; lastKnownFileType = text.plist.xml; path = Info.plist; sourceTree = "<group>"; };
		A9FFF496284A68EE001A5881 /* zeuz-iosTests.xctest */ = {isa = PBXFileReference; explicitFileType = wrapper.cfbundle; includeInIndex = 0; path = "zeuz-iosTests.xctest"; sourceTree = BUILT_PRODUCTS_DIR; };
		A9FFF49A284A68EE001A5881 /* zeuz_iosTests.swift */ = {isa = PBXFileReference; lastKnownFileType = sourcecode.swift; path = zeuz_iosTests.swift; sourceTree = "<group>"; };
		A9FFF4A0284A68EE001A5881 /* zeuz-iosUITests.xctest */ = {isa = PBXFileReference; explicitFileType = wrapper.cfbundle; includeInIndex = 0; path = "zeuz-iosUITests.xctest"; sourceTree = BUILT_PRODUCTS_DIR; };
		A9FFF4A4284A68EE001A5881 /* zeuz_iosUITests.swift */ = {isa = PBXFileReference; lastKnownFileType = sourcecode.swift; path = zeuz_iosUITests.swift; sourceTree = "<group>"; };
		A9FFF4A6284A68EE001A5881 /* zeuz_iosUITestsLaunchTests.swift */ = {isa = PBXFileReference; lastKnownFileType = sourcecode.swift; path = zeuz_iosUITestsLaunchTests.swift; sourceTree = "<group>"; };
		A9FFF4B5284A69BF001A5881 /* ZTableVC.swift */ = {isa = PBXFileReference; lastKnownFileType = sourcecode.swift; path = ZTableVC.swift; sourceTree = "<group>"; };
		A9FFF4B6284A69BF001A5881 /* ZTableVC.xib */ = {isa = PBXFileReference; lastKnownFileType = file.xib; path = ZTableVC.xib; sourceTree = "<group>"; };
		A9FFF4BE284A6E9E001A5881 /* ZTableEntity.swift */ = {isa = PBXFileReference; lastKnownFileType = sourcecode.swift; path = ZTableEntity.swift; sourceTree = "<group>"; };
		A9FFF4C1284A70A3001A5881 /* InputCell.swift */ = {isa = PBXFileReference; lastKnownFileType = sourcecode.swift; path = InputCell.swift; sourceTree = "<group>"; };
		A9FFF4C2284A70A3001A5881 /* InputCell.xib */ = {isa = PBXFileReference; lastKnownFileType = file.xib; path = InputCell.xib; sourceTree = "<group>"; };
		A9FFF4C5284A72B9001A5881 /* TextCell.swift */ = {isa = PBXFileReference; lastKnownFileType = sourcecode.swift; path = TextCell.swift; sourceTree = "<group>"; };
		A9FFF4C6284A72B9001A5881 /* TextCell.xib */ = {isa = PBXFileReference; lastKnownFileType = file.xib; path = TextCell.xib; sourceTree = "<group>"; };
		A9FFF4CA284A7564001A5881 /* ZTableProtocols.swift */ = {isa = PBXFileReference; lastKnownFileType = sourcecode.swift; path = ZTableProtocols.swift; sourceTree = "<group>"; };
		A9FFF4CC284A795A001A5881 /* ZTableRouter.swift */ = {isa = PBXFileReference; lastKnownFileType = sourcecode.swift; path = ZTableRouter.swift; sourceTree = "<group>"; };
		A9FFF4CE284A7AE3001A5881 /* ZTablePresenter.swift */ = {isa = PBXFileReference; lastKnownFileType = sourcecode.swift; path = ZTablePresenter.swift; sourceTree = "<group>"; };
		A9FFF4D0284A7AF0001A5881 /* ZTableInteractor.swift */ = {isa = PBXFileReference; lastKnownFileType = sourcecode.swift; path = ZTableInteractor.swift; sourceTree = "<group>"; };
		A9FFF4DE284A8F9B001A5881 /* StringExtensions.swift */ = {isa = PBXFileReference; lastKnownFileType = sourcecode.swift; path = StringExtensions.swift; sourceTree = "<group>"; };
		A9FFF4E2284A9AE7001A5881 /* PictureVC.swift */ = {isa = PBXFileReference; lastKnownFileType = sourcecode.swift; path = PictureVC.swift; sourceTree = "<group>"; };
		A9FFF4E3284A9AE7001A5881 /* PictureVC.xib */ = {isa = PBXFileReference; lastKnownFileType = file.xib; path = PictureVC.xib; sourceTree = "<group>"; };
		A9FFF4E8284A9B78001A5881 /* ImagePickerHelper.swift */ = {isa = PBXFileReference; lastKnownFileType = sourcecode.swift; path = ImagePickerHelper.swift; sourceTree = "<group>"; };
		A9FFF4EC284A9E59001A5881 /* ImageView.swift */ = {isa = PBXFileReference; lastKnownFileType = sourcecode.swift; path = ImageView.swift; sourceTree = "<group>"; };
		A9FFF4EE284A9ED4001A5881 /* PictureProtocols.swift */ = {isa = PBXFileReference; lastKnownFileType = sourcecode.swift; path = PictureProtocols.swift; sourceTree = "<group>"; };
		A9FFF4F1284A9F55001A5881 /* PicturePresenter.swift */ = {isa = PBXFileReference; lastKnownFileType = sourcecode.swift; path = PicturePresenter.swift; sourceTree = "<group>"; };
		A9FFF4F3284A9FA1001A5881 /* PictureRouter.swift */ = {isa = PBXFileReference; lastKnownFileType = sourcecode.swift; path = PictureRouter.swift; sourceTree = "<group>"; };
		AA432948AEE874D2FC0CA0AC /* Pods-zeuz-ios.debug.xcconfig */ = {isa = PBXFileReference; includeInIndex = 1; lastKnownFileType = text.xcconfig; name = "Pods-zeuz-ios.debug.xcconfig"; path = "Target Support Files/Pods-zeuz-ios/Pods-zeuz-ios.debug.xcconfig"; sourceTree = "<group>"; };
		C9A2B3BA214EEE9FC1D4A157 /* Pods-zeuz-ios-zeuz-iosUITests.debug.xcconfig */ = {isa = PBXFileReference; includeInIndex = 1; lastKnownFileType = text.xcconfig; name = "Pods-zeuz-ios-zeuz-iosUITests.debug.xcconfig"; path = "Target Support Files/Pods-zeuz-ios-zeuz-iosUITests/Pods-zeuz-ios-zeuz-iosUITests.debug.xcconfig"; sourceTree = "<group>"; };
		EE0F7EDDFC77E81B81871412 /* Pods_zeuz_ios_zeuz_iosUITests.framework */ = {isa = PBXFileReference; explicitFileType = wrapper.framework; includeInIndex = 0; path = Pods_zeuz_ios_zeuz_iosUITests.framework; sourceTree = BUILT_PRODUCTS_DIR; };
		F98245F3B6A141586826457D /* Pods-zeuz-ios.release.xcconfig */ = {isa = PBXFileReference; includeInIndex = 1; lastKnownFileType = text.xcconfig; name = "Pods-zeuz-ios.release.xcconfig"; path = "Target Support Files/Pods-zeuz-ios/Pods-zeuz-ios.release.xcconfig"; sourceTree = "<group>"; };
/* End PBXFileReference section */

/* Begin PBXFrameworksBuildPhase section */
		A9FFF47D284A68EB001A5881 /* Frameworks */ = {
			isa = PBXFrameworksBuildPhase;
			buildActionMask = 2147483647;
			files = (
				CC0BE0A084EC522A99A242B0 /* Pods_zeuz_ios.framework in Frameworks */,
			);
			runOnlyForDeploymentPostprocessing = 0;
		};
		A9FFF493284A68EE001A5881 /* Frameworks */ = {
			isa = PBXFrameworksBuildPhase;
			buildActionMask = 2147483647;
			files = (
				A1C28D847BF65C6E1BD3286E /* Pods_zeuz_iosTests.framework in Frameworks */,
			);
			runOnlyForDeploymentPostprocessing = 0;
		};
		A9FFF49D284A68EE001A5881 /* Frameworks */ = {
			isa = PBXFrameworksBuildPhase;
			buildActionMask = 2147483647;
			files = (
				27A6CFDEB0E751C7D9A2C905 /* Pods_zeuz_ios_zeuz_iosUITests.framework in Frameworks */,
			);
			runOnlyForDeploymentPostprocessing = 0;
		};
/* End PBXFrameworksBuildPhase section */

/* Begin PBXGroup section */
		262FF380B2C18538AB9E1F25 /* Frameworks */ = {
			isa = PBXGroup;
			children = (
				698BB9468D0E9AE130EA4BD4 /* Pods_zeuz_ios.framework */,
				EE0F7EDDFC77E81B81871412 /* Pods_zeuz_ios_zeuz_iosUITests.framework */,
				15F544092AAEA6D6A344B220 /* Pods_zeuz_iosTests.framework */,
			);
			name = Frameworks;
			sourceTree = "<group>";
		};
		A9700291284AA49D0035F868 /* Data */ = {
			isa = PBXGroup;
			children = (
			);
			path = Data;
			sourceTree = "<group>";
		};
		A9FFF477284A68EB001A5881 = {
			isa = PBXGroup;
			children = (
				A9FFF482284A68EB001A5881 /* zeuz-ios */,
				A9FFF499284A68EE001A5881 /* zeuz-iosTests */,
				A9FFF4A3284A68EE001A5881 /* zeuz-iosUITests */,
				A9FFF481284A68EB001A5881 /* Products */,
				D5A266CE38F4BC446D27429C /* Pods */,
				262FF380B2C18538AB9E1F25 /* Frameworks */,
			);
			sourceTree = "<group>";
		};
		A9FFF481284A68EB001A5881 /* Products */ = {
			isa = PBXGroup;
			children = (
				A9FFF480284A68EB001A5881 /* zeuz-ios.app */,
				A9FFF496284A68EE001A5881 /* zeuz-iosTests.xctest */,
				A9FFF4A0284A68EE001A5881 /* zeuz-iosUITests.xctest */,
			);
			name = Products;
			sourceTree = "<group>";
		};
		A9FFF482284A68EB001A5881 /* zeuz-ios */ = {
			isa = PBXGroup;
			children = (
				A9700291284AA49D0035F868 /* Data */,
				A9FFF4B3284A69A8001A5881 /* Modules */,
				A9FFF483284A68EB001A5881 /* AppDelegate.swift */,
				A9FFF48C284A68EE001A5881 /* Assets.xcassets */,
				A9FFF491284A68EE001A5881 /* Info.plist */,
				A9FFF48E284A68EE001A5881 /* LaunchScreen.storyboard */,
				A9FFF4D3284A824B001A5881 /* Util */,
			);
			path = "zeuz-ios";
			sourceTree = "<group>";
		};
		A9FFF499284A68EE001A5881 /* zeuz-iosTests */ = {
			isa = PBXGroup;
			children = (
				A9FFF49A284A68EE001A5881 /* zeuz_iosTests.swift */,
			);
			name = "zeuz-iosTests";
			path = "zeuz-ios/zeuz-iosTests";
			sourceTree = "<group>";
		};
		A9FFF4A3284A68EE001A5881 /* zeuz-iosUITests */ = {
			isa = PBXGroup;
			children = (
				A9FFF4A4284A68EE001A5881 /* zeuz_iosUITests.swift */,
				A9FFF4A6284A68EE001A5881 /* zeuz_iosUITestsLaunchTests.swift */,
			);
			path = "zeuz-iosUITests";
			sourceTree = "<group>";
		};
		A9FFF4B3284A69A8001A5881 /* Modules */ = {
			isa = PBXGroup;
			children = (
				A9FFF4F5284AA187001A5881 /* Graficas */,
				A9FFF4E0284A9A8A001A5881 /* Picture */,
				A9FFF4B4284A69AE001A5881 /* Table */,
			);
			path = Modules;
			sourceTree = "<group>";
		};
		A9FFF4B4284A69AE001A5881 /* Table */ = {
			isa = PBXGroup;
			children = (
				A9FFF4C9284A74D5001A5881 /* Protocols */,
				A9FFF4BD284A6C8F001A5881 /* Entity */,
				A9FFF4BC284A6C5A001A5881 /* Router */,
				A9FFF4BB284A6C52001A5881 /* Presenter */,
				A9FFF4BA284A6C4C001A5881 /* Interactor */,
				A9FFF4B9284A6C45001A5881 /* View */,
			);
			path = Table;
			sourceTree = "<group>";
		};
		A9FFF4B9284A6C45001A5881 /* View */ = {
			isa = PBXGroup;
			children = (
				A9FFF4C0284A6FF3001A5881 /* Cells */,
				A9FFF4B5284A69BF001A5881 /* ZTableVC.swift */,
				A9FFF4B6284A69BF001A5881 /* ZTableVC.xib */,
			);
			path = View;
			sourceTree = "<group>";
		};
		A9FFF4BA284A6C4C001A5881 /* Interactor */ = {
			isa = PBXGroup;
			children = (
				A9FFF4D0284A7AF0001A5881 /* ZTableInteractor.swift */,
			);
			path = Interactor;
			sourceTree = "<group>";
		};
		A9FFF4BB284A6C52001A5881 /* Presenter */ = {
			isa = PBXGroup;
			children = (
				A9FFF4CE284A7AE3001A5881 /* ZTablePresenter.swift */,
			);
			path = Presenter;
			sourceTree = "<group>";
		};
		A9FFF4BC284A6C5A001A5881 /* Router */ = {
			isa = PBXGroup;
			children = (
				A9FFF4CC284A795A001A5881 /* ZTableRouter.swift */,
			);
			path = Router;
			sourceTree = "<group>";
		};
		A9FFF4BD284A6C8F001A5881 /* Entity */ = {
			isa = PBXGroup;
			children = (
				A9FFF4BE284A6E9E001A5881 /* ZTableEntity.swift */,
			);
			path = Entity;
			sourceTree = "<group>";
		};
		A9FFF4C0284A6FF3001A5881 /* Cells */ = {
			isa = PBXGroup;
			children = (
				A9FFF4C1284A70A3001A5881 /* InputCell.swift */,
				A9FFF4C2284A70A3001A5881 /* InputCell.xib */,
				A9FFF4C5284A72B9001A5881 /* TextCell.swift */,
				A9FFF4C6284A72B9001A5881 /* TextCell.xib */,
			);
			path = Cells;
			sourceTree = "<group>";
		};
		A9FFF4C9284A74D5001A5881 /* Protocols */ = {
			isa = PBXGroup;
			children = (
				A9FFF4CA284A7564001A5881 /* ZTableProtocols.swift */,
			);
			path = Protocols;
			sourceTree = "<group>";
		};
		A9FFF4D3284A824B001A5881 /* Util */ = {
			isa = PBXGroup;
			children = (
				A9FFF4E7284A9B67001A5881 /* ImagePicker */,
				A9FFF4DD284A8F73001A5881 /* extension */,
			);
			path = Util;
			sourceTree = "<group>";
		};
		A9FFF4DD284A8F73001A5881 /* extension */ = {
			isa = PBXGroup;
			children = (
				A9FFF4DE284A8F9B001A5881 /* StringExtensions.swift */,
				A9FFF4EC284A9E59001A5881 /* ImageView.swift */,
			);
			path = extension;
			sourceTree = "<group>";
		};
		A9FFF4E0284A9A8A001A5881 /* Picture */ = {
			isa = PBXGroup;
			children = (
				A9FFF4F0284A9F2E001A5881 /* Presenter */,
				A9FFF4EB284A9E29001A5881 /* Protocols */,
				A9FFF4EA284A9E22001A5881 /* Router */,
				A9FFF4E1284A9AC5001A5881 /* View */,
			);
			path = Picture;
			sourceTree = "<group>";
		};
		A9FFF4E1284A9AC5001A5881 /* View */ = {
			isa = PBXGroup;
			children = (
				A9FFF4E2284A9AE7001A5881 /* PictureVC.swift */,
				A9FFF4E3284A9AE7001A5881 /* PictureVC.xib */,
			);
			path = View;
			sourceTree = "<group>";
		};
		A9FFF4E7284A9B67001A5881 /* ImagePicker */ = {
			isa = PBXGroup;
			children = (
				A9FFF4E8284A9B78001A5881 /* ImagePickerHelper.swift */,
			);
			path = ImagePicker;
			sourceTree = "<group>";
		};
		A9FFF4EA284A9E22001A5881 /* Router */ = {
			isa = PBXGroup;
			children = (
				A9FFF4F3284A9FA1001A5881 /* PictureRouter.swift */,
			);
			path = Router;
			sourceTree = "<group>";
		};
		A9FFF4EB284A9E29001A5881 /* Protocols */ = {
			isa = PBXGroup;
			children = (
				A9FFF4EE284A9ED4001A5881 /* PictureProtocols.swift */,
			);
			path = Protocols;
			sourceTree = "<group>";
		};
		A9FFF4F0284A9F2E001A5881 /* Presenter */ = {
			isa = PBXGroup;
			children = (
				A9FFF4F1284A9F55001A5881 /* PicturePresenter.swift */,
			);
			path = Presenter;
			sourceTree = "<group>";
		};
		A9FFF4F5284AA187001A5881 /* Graficas */ = {
			isa = PBXGroup;
			children = (
			);
			path = Graficas;
			sourceTree = "<group>";
		};
		D5A266CE38F4BC446D27429C /* Pods */ = {
			isa = PBXGroup;
			children = (
				AA432948AEE874D2FC0CA0AC /* Pods-zeuz-ios.debug.xcconfig */,
				F98245F3B6A141586826457D /* Pods-zeuz-ios.release.xcconfig */,
				C9A2B3BA214EEE9FC1D4A157 /* Pods-zeuz-ios-zeuz-iosUITests.debug.xcconfig */,
				52CC68A93DA613578F0EE2C3 /* Pods-zeuz-ios-zeuz-iosUITests.release.xcconfig */,
				5D79A12885B4D352B11C9214 /* Pods-zeuz-iosTests.debug.xcconfig */,
				7CD5F83AE4B7D0896BAF77FA /* Pods-zeuz-iosTests.release.xcconfig */,
			);
			path = Pods;
			sourceTree = "<group>";
		};
/* End PBXGroup section */

/* Begin PBXNativeTarget section */
		A9FFF47F284A68EB001A5881 /* zeuz-ios */ = {
			isa = PBXNativeTarget;
			buildConfigurationList = A9FFF4AA284A68EE001A5881 /* Build configuration list for PBXNativeTarget "zeuz-ios" */;
			buildPhases = (
				5A3EDB4355F078895A706AAB /* [CP] Check Pods Manifest.lock */,
				A9FFF47C284A68EB001A5881 /* Sources */,
				A9FFF47D284A68EB001A5881 /* Frameworks */,
				A9FFF47E284A68EB001A5881 /* Resources */,
				8AB0B9D31D2CD6471FA89CC9 /* [CP] Embed Pods Frameworks */,
			);
			buildRules = (
			);
			dependencies = (
			);
			name = "zeuz-ios";
			productName = "zeuz-ios";
			productReference = A9FFF480284A68EB001A5881 /* zeuz-ios.app */;
			productType = "com.apple.product-type.application";
		};
		A9FFF495284A68EE001A5881 /* zeuz-iosTests */ = {
			isa = PBXNativeTarget;
			buildConfigurationList = A9FFF4AD284A68EE001A5881 /* Build configuration list for PBXNativeTarget "zeuz-iosTests" */;
			buildPhases = (
				6BB64074ABF6972C95860D09 /* [CP] Check Pods Manifest.lock */,
				A9FFF492284A68EE001A5881 /* Sources */,
				A9FFF493284A68EE001A5881 /* Frameworks */,
				A9FFF494284A68EE001A5881 /* Resources */,
			);
			buildRules = (
			);
			dependencies = (
				A9FFF498284A68EE001A5881 /* PBXTargetDependency */,
			);
			name = "zeuz-iosTests";
			productName = "zeuz-iosTests";
			productReference = A9FFF496284A68EE001A5881 /* zeuz-iosTests.xctest */;
			productType = "com.apple.product-type.bundle.unit-test";
		};
		A9FFF49F284A68EE001A5881 /* zeuz-iosUITests */ = {
			isa = PBXNativeTarget;
			buildConfigurationList = A9FFF4B0284A68EE001A5881 /* Build configuration list for PBXNativeTarget "zeuz-iosUITests" */;
			buildPhases = (
				33F824A0F84DEC04A5FD9FF7 /* [CP] Check Pods Manifest.lock */,
				A9FFF49C284A68EE001A5881 /* Sources */,
				A9FFF49D284A68EE001A5881 /* Frameworks */,
				A9FFF49E284A68EE001A5881 /* Resources */,
				E7EA46CBE650B6C873D84BBC /* [CP] Embed Pods Frameworks */,
			);
			buildRules = (
			);
			dependencies = (
				A9FFF4A2284A68EE001A5881 /* PBXTargetDependency */,
			);
			name = "zeuz-iosUITests";
			productName = "zeuz-iosUITests";
			productReference = A9FFF4A0284A68EE001A5881 /* zeuz-iosUITests.xctest */;
			productType = "com.apple.product-type.bundle.ui-testing";
		};
/* End PBXNativeTarget section */

/* Begin PBXProject section */
		A9FFF478284A68EB001A5881 /* Project object */ = {
			isa = PBXProject;
			attributes = {
				BuildIndependentTargetsInParallel = 1;
				LastSwiftUpdateCheck = 1330;
				LastUpgradeCheck = 1330;
				TargetAttributes = {
					A9FFF47F284A68EB001A5881 = {
						CreatedOnToolsVersion = 13.3.1;
					};
					A9FFF495284A68EE001A5881 = {
						CreatedOnToolsVersion = 13.3.1;
						TestTargetID = A9FFF47F284A68EB001A5881;
					};
					A9FFF49F284A68EE001A5881 = {
						CreatedOnToolsVersion = 13.3.1;
						TestTargetID = A9FFF47F284A68EB001A5881;
					};
				};
			};
			buildConfigurationList = A9FFF47B284A68EB001A5881 /* Build configuration list for PBXProject "zeuz-ios" */;
			compatibilityVersion = "Xcode 13.0";
			developmentRegion = en;
			hasScannedForEncodings = 0;
			knownRegions = (
				en,
				Base,
			);
			mainGroup = A9FFF477284A68EB001A5881;
			productRefGroup = A9FFF481284A68EB001A5881 /* Products */;
			projectDirPath = "";
			projectRoot = "";
			targets = (
				A9FFF47F284A68EB001A5881 /* zeuz-ios */,
				A9FFF495284A68EE001A5881 /* zeuz-iosTests */,
				A9FFF49F284A68EE001A5881 /* zeuz-iosUITests */,
			);
		};
/* End PBXProject section */

/* Begin PBXResourcesBuildPhase section */
		A9FFF47E284A68EB001A5881 /* Resources */ = {
			isa = PBXResourcesBuildPhase;
			buildActionMask = 2147483647;
			files = (
				A9FFF490284A68EE001A5881 /* LaunchScreen.storyboard in Resources */,
				A9FFF4B8284A69BF001A5881 /* ZTableVC.xib in Resources */,
				A9FFF4C4284A70A3001A5881 /* InputCell.xib in Resources */,
				A9FFF4E5284A9AE7001A5881 /* PictureVC.xib in Resources */,
				A9FFF48D284A68EE001A5881 /* Assets.xcassets in Resources */,
				A9FFF4C8284A72B9001A5881 /* TextCell.xib in Resources */,
			);
			runOnlyForDeploymentPostprocessing = 0;
		};
		A9FFF494284A68EE001A5881 /* Resources */ = {
			isa = PBXResourcesBuildPhase;
			buildActionMask = 2147483647;
			files = (
			);
			runOnlyForDeploymentPostprocessing = 0;
		};
		A9FFF49E284A68EE001A5881 /* Resources */ = {
			isa = PBXResourcesBuildPhase;
			buildActionMask = 2147483647;
			files = (
			);
			runOnlyForDeploymentPostprocessing = 0;
		};
/* End PBXResourcesBuildPhase section */

/* Begin PBXShellScriptBuildPhase section */
		33F824A0F84DEC04A5FD9FF7 /* [CP] Check Pods Manifest.lock */ = {
			isa = PBXShellScriptBuildPhase;
			buildActionMask = 2147483647;
			files = (
			);
			inputFileListPaths = (
			);
			inputPaths = (
				"${PODS_PODFILE_DIR_PATH}/Podfile.lock",
				"${PODS_ROOT}/Manifest.lock",
			);
			name = "[CP] Check Pods Manifest.lock";
			outputFileListPaths = (
			);
			outputPaths = (
				"$(DERIVED_FILE_DIR)/Pods-zeuz-ios-zeuz-iosUITests-checkManifestLockResult.txt",
			);
			runOnlyForDeploymentPostprocessing = 0;
			shellPath = /bin/sh;
			shellScript = "diff \"${PODS_PODFILE_DIR_PATH}/Podfile.lock\" \"${PODS_ROOT}/Manifest.lock\" > /dev/null\nif [ $? != 0 ] ; then\n    # print error to STDERR\n    echo \"error: The sandbox is not in sync with the Podfile.lock. Run 'pod install' or update your CocoaPods installation.\" >&2\n    exit 1\nfi\n# This output is used by Xcode 'outputs' to avoid re-running this script phase.\necho \"SUCCESS\" > \"${SCRIPT_OUTPUT_FILE_0}\"\n";
			showEnvVarsInLog = 0;
		};
		5A3EDB4355F078895A706AAB /* [CP] Check Pods Manifest.lock */ = {
			isa = PBXShellScriptBuildPhase;
			buildActionMask = 2147483647;
			files = (
			);
			inputFileListPaths = (
			);
			inputPaths = (
				"${PODS_PODFILE_DIR_PATH}/Podfile.lock",
				"${PODS_ROOT}/Manifest.lock",
			);
			name = "[CP] Check Pods Manifest.lock";
			outputFileListPaths = (
			);
			outputPaths = (
				"$(DERIVED_FILE_DIR)/Pods-zeuz-ios-checkManifestLockResult.txt",
			);
			runOnlyForDeploymentPostprocessing = 0;
			shellPath = /bin/sh;
			shellScript = "diff \"${PODS_PODFILE_DIR_PATH}/Podfile.lock\" \"${PODS_ROOT}/Manifest.lock\" > /dev/null\nif [ $? != 0 ] ; then\n    # print error to STDERR\n    echo \"error: The sandbox is not in sync with the Podfile.lock. Run 'pod install' or update your CocoaPods installation.\" >&2\n    exit 1\nfi\n# This output is used by Xcode 'outputs' to avoid re-running this script phase.\necho \"SUCCESS\" > \"${SCRIPT_OUTPUT_FILE_0}\"\n";
			showEnvVarsInLog = 0;
		};
		6BB64074ABF6972C95860D09 /* [CP] Check Pods Manifest.lock */ = {
			isa = PBXShellScriptBuildPhase;
			buildActionMask = 2147483647;
			files = (
			);
			inputFileListPaths = (
			);
			inputPaths = (
				"${PODS_PODFILE_DIR_PATH}/Podfile.lock",
				"${PODS_ROOT}/Manifest.lock",
			);
			name = "[CP] Check Pods Manifest.lock";
			outputFileListPaths = (
			);
			outputPaths = (
				"$(DERIVED_FILE_DIR)/Pods-zeuz-iosTests-checkManifestLockResult.txt",
			);
			runOnlyForDeploymentPostprocessing = 0;
			shellPath = /bin/sh;
			shellScript = "diff \"${PODS_PODFILE_DIR_PATH}/Podfile.lock\" \"${PODS_ROOT}/Manifest.lock\" > /dev/null\nif [ $? != 0 ] ; then\n    # print error to STDERR\n    echo \"error: The sandbox is not in sync with the Podfile.lock. Run 'pod install' or update your CocoaPods installation.\" >&2\n    exit 1\nfi\n# This output is used by Xcode 'outputs' to avoid re-running this script phase.\necho \"SUCCESS\" > \"${SCRIPT_OUTPUT_FILE_0}\"\n";
			showEnvVarsInLog = 0;
		};
		8AB0B9D31D2CD6471FA89CC9 /* [CP] Embed Pods Frameworks */ = {
			isa = PBXShellScriptBuildPhase;
			buildActionMask = 2147483647;
			files = (
			);
			inputFileListPaths = (
				"${PODS_ROOT}/Target Support Files/Pods-zeuz-ios/Pods-zeuz-ios-frameworks-${CONFIGURATION}-input-files.xcfilelist",
			);
			name = "[CP] Embed Pods Frameworks";
			outputFileListPaths = (
				"${PODS_ROOT}/Target Support Files/Pods-zeuz-ios/Pods-zeuz-ios-frameworks-${CONFIGURATION}-output-files.xcfilelist",
			);
			runOnlyForDeploymentPostprocessing = 0;
			shellPath = /bin/sh;
			shellScript = "\"${PODS_ROOT}/Target Support Files/Pods-zeuz-ios/Pods-zeuz-ios-frameworks.sh\"\n";
			showEnvVarsInLog = 0;
		};
		E7EA46CBE650B6C873D84BBC /* [CP] Embed Pods Frameworks */ = {
			isa = PBXShellScriptBuildPhase;
			buildActionMask = 2147483647;
			files = (
			);
			inputFileListPaths = (
				"${PODS_ROOT}/Target Support Files/Pods-zeuz-ios-zeuz-iosUITests/Pods-zeuz-ios-zeuz-iosUITests-frameworks-${CONFIGURATION}-input-files.xcfilelist",
			);
			name = "[CP] Embed Pods Frameworks";
			outputFileListPaths = (
				"${PODS_ROOT}/Target Support Files/Pods-zeuz-ios-zeuz-iosUITests/Pods-zeuz-ios-zeuz-iosUITests-frameworks-${CONFIGURATION}-output-files.xcfilelist",
			);
			runOnlyForDeploymentPostprocessing = 0;
			shellPath = /bin/sh;
			shellScript = "\"${PODS_ROOT}/Target Support Files/Pods-zeuz-ios-zeuz-iosUITests/Pods-zeuz-ios-zeuz-iosUITests-frameworks.sh\"\n";
			showEnvVarsInLog = 0;
		};
/* End PBXShellScriptBuildPhase section */

/* Begin PBXSourcesBuildPhase section */
		A9FFF47C284A68EB001A5881 /* Sources */ = {
			isa = PBXSourcesBuildPhase;
			buildActionMask = 2147483647;
			files = (
				A9FFF4D1284A7AF0001A5881 /* ZTableInteractor.swift in Sources */,
				A9FFF4E4284A9AE7001A5881 /* PictureVC.swift in Sources */,
				A9FFF4B7284A69BF001A5881 /* ZTableVC.swift in Sources */,
				A9FFF4CB284A7564001A5881 /* ZTableProtocols.swift in Sources */,
				A9FFF4ED284A9E59001A5881 /* ImageView.swift in Sources */,
				A9FFF4CF284A7AE3001A5881 /* ZTablePresenter.swift in Sources */,
				A9FFF4C7284A72B9001A5881 /* TextCell.swift in Sources */,
				A9FFF4CD284A795A001A5881 /* ZTableRouter.swift in Sources */,
				A9FFF4EF284A9ED4001A5881 /* PictureProtocols.swift in Sources */,
				A9FFF4E9284A9B78001A5881 /* ImagePickerHelper.swift in Sources */,
				A9FFF484284A68EB001A5881 /* AppDelegate.swift in Sources */,
				A9FFF4F4284A9FA1001A5881 /* PictureRouter.swift in Sources */,
				A9FFF4F2284A9F55001A5881 /* PicturePresenter.swift in Sources */,
				A9FFF4C3284A70A3001A5881 /* InputCell.swift in Sources */,
				A9FFF4DF284A8F9B001A5881 /* StringExtensions.swift in Sources */,
				A9FFF4BF284A6E9E001A5881 /* ZTableEntity.swift in Sources */,
			);
			runOnlyForDeploymentPostprocessing = 0;
		};
		A9FFF492284A68EE001A5881 /* Sources */ = {
			isa = PBXSourcesBuildPhase;
			buildActionMask = 2147483647;
			files = (
				A9FFF49B284A68EE001A5881 /* zeuz_iosTests.swift in Sources */,
			);
			runOnlyForDeploymentPostprocessing = 0;
		};
		A9FFF49C284A68EE001A5881 /* Sources */ = {
			isa = PBXSourcesBuildPhase;
			buildActionMask = 2147483647;
			files = (
				A9FFF4A7284A68EE001A5881 /* zeuz_iosUITestsLaunchTests.swift in Sources */,
				A9FFF4A5284A68EE001A5881 /* zeuz_iosUITests.swift in Sources */,
			);
			runOnlyForDeploymentPostprocessing = 0;
		};
/* End PBXSourcesBuildPhase section */

/* Begin PBXTargetDependency section */
		A9FFF498284A68EE001A5881 /* PBXTargetDependency */ = {
			isa = PBXTargetDependency;
			target = A9FFF47F284A68EB001A5881 /* zeuz-ios */;
			targetProxy = A9FFF497284A68EE001A5881 /* PBXContainerItemProxy */;
		};
		A9FFF4A2284A68EE001A5881 /* PBXTargetDependency */ = {
			isa = PBXTargetDependency;
			target = A9FFF47F284A68EB001A5881 /* zeuz-ios */;
			targetProxy = A9FFF4A1284A68EE001A5881 /* PBXContainerItemProxy */;
		};
/* End PBXTargetDependency section */

/* Begin PBXVariantGroup section */
		A9FFF48E284A68EE001A5881 /* LaunchScreen.storyboard */ = {
			isa = PBXVariantGroup;
			children = (
				A9FFF48F284A68EE001A5881 /* Base */,
			);
			name = LaunchScreen.storyboard;
			sourceTree = "<group>";
		};
/* End PBXVariantGroup section */

/* Begin XCBuildConfiguration section */
		A9FFF4A8284A68EE001A5881 /* Debug */ = {
			isa = XCBuildConfiguration;
			buildSettings = {
				ALWAYS_SEARCH_USER_PATHS = NO;
				CLANG_ANALYZER_NONNULL = YES;
				CLANG_ANALYZER_NUMBER_OBJECT_CONVERSION = YES_AGGRESSIVE;
				CLANG_CXX_LANGUAGE_STANDARD = "gnu++17";
				CLANG_ENABLE_MODULES = YES;
				CLANG_ENABLE_OBJC_ARC = YES;
				CLANG_ENABLE_OBJC_WEAK = YES;
				CLANG_WARN_BLOCK_CAPTURE_AUTORELEASING = YES;
				CLANG_WARN_BOOL_CONVERSION = YES;
				CLANG_WARN_COMMA = YES;
				CLANG_WARN_CONSTANT_CONVERSION = YES;
				CLANG_WARN_DEPRECATED_OBJC_IMPLEMENTATIONS = YES;
				CLANG_WARN_DIRECT_OBJC_ISA_USAGE = YES_ERROR;
				CLANG_WARN_DOCUMENTATION_COMMENTS = YES;
				CLANG_WARN_EMPTY_BODY = YES;
				CLANG_WARN_ENUM_CONVERSION = YES;
				CLANG_WARN_INFINITE_RECURSION = YES;
				CLANG_WARN_INT_CONVERSION = YES;
				CLANG_WARN_NON_LITERAL_NULL_CONVERSION = YES;
				CLANG_WARN_OBJC_IMPLICIT_RETAIN_SELF = YES;
				CLANG_WARN_OBJC_LITERAL_CONVERSION = YES;
				CLANG_WARN_OBJC_ROOT_CLASS = YES_ERROR;
				CLANG_WARN_QUOTED_INCLUDE_IN_FRAMEWORK_HEADER = YES;
				CLANG_WARN_RANGE_LOOP_ANALYSIS = YES;
				CLANG_WARN_STRICT_PROTOTYPES = YES;
				CLANG_WARN_SUSPICIOUS_MOVE = YES;
				CLANG_WARN_UNGUARDED_AVAILABILITY = YES_AGGRESSIVE;
				CLANG_WARN_UNREACHABLE_CODE = YES;
				CLANG_WARN__DUPLICATE_METHOD_MATCH = YES;
				COPY_PHASE_STRIP = NO;
				DEBUG_INFORMATION_FORMAT = dwarf;
				ENABLE_STRICT_OBJC_MSGSEND = YES;
				ENABLE_TESTABILITY = YES;
				GCC_C_LANGUAGE_STANDARD = gnu11;
				GCC_DYNAMIC_NO_PIC = NO;
				GCC_NO_COMMON_BLOCKS = YES;
				GCC_OPTIMIZATION_LEVEL = 0;
				GCC_PREPROCESSOR_DEFINITIONS = (
					"DEBUG=1",
					"$(inherited)",
				);
				GCC_WARN_64_TO_32_BIT_CONVERSION = YES;
				GCC_WARN_ABOUT_RETURN_TYPE = YES_ERROR;
				GCC_WARN_UNDECLARED_SELECTOR = YES;
				GCC_WARN_UNINITIALIZED_AUTOS = YES_AGGRESSIVE;
				GCC_WARN_UNUSED_FUNCTION = YES;
				GCC_WARN_UNUSED_VARIABLE = YES;
				IPHONEOS_DEPLOYMENT_TARGET = 15.4;
				MTL_ENABLE_DEBUG_INFO = INCLUDE_SOURCE;
				MTL_FAST_MATH = YES;
				ONLY_ACTIVE_ARCH = YES;
				SDKROOT = iphoneos;
				SWIFT_ACTIVE_COMPILATION_CONDITIONS = DEBUG;
				SWIFT_OPTIMIZATION_LEVEL = "-Onone";
			};
			name = Debug;
		};
		A9FFF4A9284A68EE001A5881 /* Release */ = {
			isa = XCBuildConfiguration;
			buildSettings = {
				ALWAYS_SEARCH_USER_PATHS = NO;
				CLANG_ANALYZER_NONNULL = YES;
				CLANG_ANALYZER_NUMBER_OBJECT_CONVERSION = YES_AGGRESSIVE;
				CLANG_CXX_LANGUAGE_STANDARD = "gnu++17";
				CLANG_ENABLE_MODULES = YES;
				CLANG_ENABLE_OBJC_ARC = YES;
				CLANG_ENABLE_OBJC_WEAK = YES;
				CLANG_WARN_BLOCK_CAPTURE_AUTORELEASING = YES;
				CLANG_WARN_BOOL_CONVERSION = YES;
				CLANG_WARN_COMMA = YES;
				CLANG_WARN_CONSTANT_CONVERSION = YES;
				CLANG_WARN_DEPRECATED_OBJC_IMPLEMENTATIONS = YES;
				CLANG_WARN_DIRECT_OBJC_ISA_USAGE = YES_ERROR;
				CLANG_WARN_DOCUMENTATION_COMMENTS = YES;
				CLANG_WARN_EMPTY_BODY = YES;
				CLANG_WARN_ENUM_CONVERSION = YES;
				CLANG_WARN_INFINITE_RECURSION = YES;
				CLANG_WARN_INT_CONVERSION = YES;
				CLANG_WARN_NON_LITERAL_NULL_CONVERSION = YES;
				CLANG_WARN_OBJC_IMPLICIT_RETAIN_SELF = YES;
				CLANG_WARN_OBJC_LITERAL_CONVERSION = YES;
				CLANG_WARN_OBJC_ROOT_CLASS = YES_ERROR;
				CLANG_WARN_QUOTED_INCLUDE_IN_FRAMEWORK_HEADER = YES;
				CLANG_WARN_RANGE_LOOP_ANALYSIS = YES;
				CLANG_WARN_STRICT_PROTOTYPES = YES;
				CLANG_WARN_SUSPICIOUS_MOVE = YES;
				CLANG_WARN_UNGUARDED_AVAILABILITY = YES_AGGRESSIVE;
				CLANG_WARN_UNREACHABLE_CODE = YES;
				CLANG_WARN__DUPLICATE_METHOD_MATCH = YES;
				COPY_PHASE_STRIP = NO;
				DEBUG_INFORMATION_FORMAT = "dwarf-with-dsym";
				ENABLE_NS_ASSERTIONS = NO;
				ENABLE_STRICT_OBJC_MSGSEND = YES;
				GCC_C_LANGUAGE_STANDARD = gnu11;
				GCC_NO_COMMON_BLOCKS = YES;
				GCC_WARN_64_TO_32_BIT_CONVERSION = YES;
				GCC_WARN_ABOUT_RETURN_TYPE = YES_ERROR;
				GCC_WARN_UNDECLARED_SELECTOR = YES;
				GCC_WARN_UNINITIALIZED_AUTOS = YES_AGGRESSIVE;
				GCC_WARN_UNUSED_FUNCTION = YES;
				GCC_WARN_UNUSED_VARIABLE = YES;
				IPHONEOS_DEPLOYMENT_TARGET = 15.4;
				MTL_ENABLE_DEBUG_INFO = NO;
				MTL_FAST_MATH = YES;
				SDKROOT = iphoneos;
				SWIFT_COMPILATION_MODE = wholemodule;
				SWIFT_OPTIMIZATION_LEVEL = "-O";
				VALIDATE_PRODUCT = YES;
			};
			name = Release;
		};
		A9FFF4AB284A68EE001A5881 /* Debug */ = {
			isa = XCBuildConfiguration;
			baseConfigurationReference = AA432948AEE874D2FC0CA0AC /* Pods-zeuz-ios.debug.xcconfig */;
			buildSettings = {
				ASSETCATALOG_COMPILER_APPICON_NAME = AppIcon;
				ASSETCATALOG_COMPILER_GLOBAL_ACCENT_COLOR_NAME = AccentColor;
				CODE_SIGN_STYLE = Automatic;
				CURRENT_PROJECT_VERSION = 1;
				DEVELOPMENT_TEAM = M3CMUQRQN7;
				GENERATE_INFOPLIST_FILE = YES;
				INFOPLIST_FILE = "zeuz-ios/Info.plist";
				INFOPLIST_KEY_UIApplicationSupportsIndirectInputEvents = YES;
				INFOPLIST_KEY_UILaunchStoryboardName = LaunchScreen;
				INFOPLIST_KEY_UIMainStoryboardFile = "";
				INFOPLIST_KEY_UISupportedInterfaceOrientations = UIInterfaceOrientationPortrait;
				INFOPLIST_KEY_UISupportedInterfaceOrientations_iPad = "UIInterfaceOrientationPortrait UIInterfaceOrientationPortraitUpsideDown UIInterfaceOrientationLandscapeLeft UIInterfaceOrientationLandscapeRight";
				INFOPLIST_KEY_UISupportedInterfaceOrientations_iPhone = "UIInterfaceOrientationPortrait UIInterfaceOrientationLandscapeLeft UIInterfaceOrientationLandscapeRight";
				IPHONEOS_DEPLOYMENT_TARGET = 13.0;
				LD_RUNPATH_SEARCH_PATHS = (
					"$(inherited)",
					"@executable_path/Frameworks",
				);
				MARKETING_VERSION = 1.0;
				PRODUCT_BUNDLE_IDENTIFIER = "mx.com.tejate.zeuz-ios";
				PRODUCT_NAME = "$(TARGET_NAME)";
				SWIFT_EMIT_LOC_STRINGS = YES;
				SWIFT_VERSION = 5.0;
				TARGETED_DEVICE_FAMILY = 1;
			};
			name = Debug;
		};
		A9FFF4AC284A68EE001A5881 /* Release */ = {
			isa = XCBuildConfiguration;
			baseConfigurationReference = F98245F3B6A141586826457D /* Pods-zeuz-ios.release.xcconfig */;
			buildSettings = {
				ASSETCATALOG_COMPILER_APPICON_NAME = AppIcon;
				ASSETCATALOG_COMPILER_GLOBAL_ACCENT_COLOR_NAME = AccentColor;
				CODE_SIGN_STYLE = Automatic;
				CURRENT_PROJECT_VERSION = 1;
				DEVELOPMENT_TEAM = M3CMUQRQN7;
				GENERATE_INFOPLIST_FILE = YES;
				INFOPLIST_FILE = "zeuz-ios/Info.plist";
				INFOPLIST_KEY_UIApplicationSupportsIndirectInputEvents = YES;
				INFOPLIST_KEY_UILaunchStoryboardName = LaunchScreen;
				INFOPLIST_KEY_UIMainStoryboardFile = "";
				INFOPLIST_KEY_UISupportedInterfaceOrientations = UIInterfaceOrientationPortrait;
				INFOPLIST_KEY_UISupportedInterfaceOrientations_iPad = "UIInterfaceOrientationPortrait UIInterfaceOrientationPortraitUpsideDown UIInterfaceOrientationLandscapeLeft UIInterfaceOrientationLandscapeRight";
				INFOPLIST_KEY_UISupportedInterfaceOrientations_iPhone = "UIInterfaceOrientationPortrait UIInterfaceOrientationLandscapeLeft UIInterfaceOrientationLandscapeRight";
				IPHONEOS_DEPLOYMENT_TARGET = 13.0;
				LD_RUNPATH_SEARCH_PATHS = (
					"$(inherited)",
					"@executable_path/Frameworks",
				);
				MARKETING_VERSION = 1.0;
				PRODUCT_BUNDLE_IDENTIFIER = "mx.com.tejate.zeuz-ios";
				PRODUCT_NAME = "$(TARGET_NAME)";
				SWIFT_EMIT_LOC_STRINGS = YES;
				SWIFT_VERSION = 5.0;
				TARGETED_DEVICE_FAMILY = 1;
			};
			name = Release;
		};
		A9FFF4AE284A68EE001A5881 /* Debug */ = {
			isa = XCBuildConfiguration;
			baseConfigurationReference = 5D79A12885B4D352B11C9214 /* Pods-zeuz-iosTests.debug.xcconfig */;
			buildSettings = {
				ALWAYS_EMBED_SWIFT_STANDARD_LIBRARIES = YES;
				BUNDLE_LOADER = "$(TEST_HOST)";
				CODE_SIGN_STYLE = Automatic;
				CURRENT_PROJECT_VERSION = 1;
				DEVELOPMENT_TEAM = M3CMUQRQN7;
				GENERATE_INFOPLIST_FILE = YES;
				IPHONEOS_DEPLOYMENT_TARGET = 15.4;
				MARKETING_VERSION = 1.0;
				PRODUCT_BUNDLE_IDENTIFIER = "mx.com.tejate.zeuz-iosTests";
				PRODUCT_NAME = "$(TARGET_NAME)";
				SWIFT_EMIT_LOC_STRINGS = NO;
				SWIFT_VERSION = 5.0;
				TARGETED_DEVICE_FAMILY = "1,2";
				TEST_HOST = "$(BUILT_PRODUCTS_DIR)/zeuz-ios.app/zeuz-ios";
			};
			name = Debug;
		};
		A9FFF4AF284A68EE001A5881 /* Release */ = {
			isa = XCBuildConfiguration;
			baseConfigurationReference = 7CD5F83AE4B7D0896BAF77FA /* Pods-zeuz-iosTests.release.xcconfig */;
			buildSettings = {
				ALWAYS_EMBED_SWIFT_STANDARD_LIBRARIES = YES;
				BUNDLE_LOADER = "$(TEST_HOST)";
				CODE_SIGN_STYLE = Automatic;
				CURRENT_PROJECT_VERSION = 1;
				DEVELOPMENT_TEAM = M3CMUQRQN7;
				GENERATE_INFOPLIST_FILE = YES;
				IPHONEOS_DEPLOYMENT_TARGET = 15.4;
				MARKETING_VERSION = 1.0;
				PRODUCT_BUNDLE_IDENTIFIER = "mx.com.tejate.zeuz-iosTests";
				PRODUCT_NAME = "$(TARGET_NAME)";
				SWIFT_EMIT_LOC_STRINGS = NO;
				SWIFT_VERSION = 5.0;
				TARGETED_DEVICE_FAMILY = "1,2";
				TEST_HOST = "$(BUILT_PRODUCTS_DIR)/zeuz-ios.app/zeuz-ios";
			};
			name = Release;
		};
		A9FFF4B1284A68EE001A5881 /* Debug */ = {
			isa = XCBuildConfiguration;
			baseConfigurationReference = C9A2B3BA214EEE9FC1D4A157 /* Pods-zeuz-ios-zeuz-iosUITests.debug.xcconfig */;
			buildSettings = {
				ALWAYS_EMBED_SWIFT_STANDARD_LIBRARIES = YES;
				CODE_SIGN_STYLE = Automatic;
				CURRENT_PROJECT_VERSION = 1;
				DEVELOPMENT_TEAM = M3CMUQRQN7;
				GENERATE_INFOPLIST_FILE = YES;
				MARKETING_VERSION = 1.0;
				PRODUCT_BUNDLE_IDENTIFIER = "mx.com.tejate.zeuz-iosUITests";
				PRODUCT_NAME = "$(TARGET_NAME)";
				SWIFT_EMIT_LOC_STRINGS = NO;
				SWIFT_VERSION = 5.0;
				TARGETED_DEVICE_FAMILY = "1,2";
				TEST_TARGET_NAME = "zeuz-ios";
			};
			name = Debug;
		};
		A9FFF4B2284A68EE001A5881 /* Release */ = {
			isa = XCBuildConfiguration;
			baseConfigurationReference = 52CC68A93DA613578F0EE2C3 /* Pods-zeuz-ios-zeuz-iosUITests.release.xcconfig */;
			buildSettings = {
				ALWAYS_EMBED_SWIFT_STANDARD_LIBRARIES = YES;
				CODE_SIGN_STYLE = Automatic;
				CURRENT_PROJECT_VERSION = 1;
				DEVELOPMENT_TEAM = M3CMUQRQN7;
				GENERATE_INFOPLIST_FILE = YES;
				MARKETING_VERSION = 1.0;
				PRODUCT_BUNDLE_IDENTIFIER = "mx.com.tejate.zeuz-iosUITests";
				PRODUCT_NAME = "$(TARGET_NAME)";
				SWIFT_EMIT_LOC_STRINGS = NO;
				SWIFT_VERSION = 5.0;
				TARGETED_DEVICE_FAMILY = "1,2";
				TEST_TARGET_NAME = "zeuz-ios";
			};
			name = Release;
		};
/* End XCBuildConfiguration section */

/* Begin XCConfigurationList section */
		A9FFF47B284A68EB001A5881 /* Build configuration list for PBXProject "zeuz-ios" */ = {
			isa = XCConfigurationList;
			buildConfigurations = (
				A9FFF4A8284A68EE001A5881 /* Debug */,
				A9FFF4A9284A68EE001A5881 /* Release */,
			);
			defaultConfigurationIsVisible = 0;
			defaultConfigurationName = Release;
		};
		A9FFF4AA284A68EE001A5881 /* Build configuration list for PBXNativeTarget "zeuz-ios" */ = {
			isa = XCConfigurationList;
			buildConfigurations = (
				A9FFF4AB284A68EE001A5881 /* Debug */,
				A9FFF4AC284A68EE001A5881 /* Release */,
			);
			defaultConfigurationIsVisible = 0;
			defaultConfigurationName = Release;
		};
		A9FFF4AD284A68EE001A5881 /* Build configuration list for PBXNativeTarget "zeuz-iosTests" */ = {
			isa = XCConfigurationList;
			buildConfigurations = (
				A9FFF4AE284A68EE001A5881 /* Debug */,
				A9FFF4AF284A68EE001A5881 /* Release */,
			);
			defaultConfigurationIsVisible = 0;
			defaultConfigurationName = Release;
		};
		A9FFF4B0284A68EE001A5881 /* Build configuration list for PBXNativeTarget "zeuz-iosUITests" */ = {
			isa = XCConfigurationList;
			buildConfigurations = (
				A9FFF4B1284A68EE001A5881 /* Debug */,
				A9FFF4B2284A68EE001A5881 /* Release */,
			);
			defaultConfigurationIsVisible = 0;
			defaultConfigurationName = Release;
		};
/* End XCConfigurationList section */
	};
	rootObject = A9FFF478284A68EB001A5881 /* Project object */;
}
